
Microsoft Visual Studio Solution File, Format Version 12.00
# Visual Studio Version 17
VisualStudioVersion = 17.0.32014.148
MinimumVisualStudioVersion = 10.0.40219.1
Project("{FAE04EC0-301F-11D3-BF4B-00C04F79EFBC}") = "WebApp1", "WebApp1\WebApp1.csproj", "{17FE6B34-44DE-4E31-9298-F4F82FF181A3}"
EndProject
Global
	GlobalSection(SolutionConfigurationPlatforms) = preSolution
		Debug|Any CPU = Debug|Any CPU
		Release|Any CPU = Release|Any CPU
	EndGlobalSection
	GlobalSection(ProjectConfigurationPlatforms) = postSolution
		{17FE6B34-44DE-4E31-9298-F4F82FF181A3}.Debug|Any CPU.ActiveCfg = Debug|Any CPU
		{17FE6B34-44DE-4E31-9298-F4F82FF181A3}.Debug|Any CPU.Build.0 = Debug|Any CPU
		{17FE6B34-44DE-4E31-9298-F4F82FF181A3}.Release|Any CPU.ActiveCfg = Release|Any CPU
		{17FE6B34-44DE-4E31-9298-F4F82FF181A3}.Release|Any CPU.Build.0 = Release|Any CPU
	EndGlobalSection
	GlobalSection(SolutionProperties) = preSolution
		HideSolutionNode = FALSE
	EndGlobalSection
	GlobalSection(ExtensibilityGlobals) = postSolution
		SolutionGuid = {68E8F50E-CF28-43B4-A508-81E9F6A9BC9C}
	EndGlobalSection
EndGlobal
